{
    "_readme": [
        "This file locks the dependencies of your project to a known state",
        "Read more about it at https://getcomposer.org/doc/01-basic-usage.md#composer-lock-the-lock-file",
        "This file is @generated automatically"
    ],
    "hash": "d84b99e5c202a28a187810b1f9f22ad1",
    "content-hash": "c0420b5c4d858dacc9f439be59bbfa78",
    "packages": [
        {
            "name": "hello-world",
            "version": "1.0.0",
            "dist": {
                "type": "path",
                "url": "./src/HelloWorld/",
                "reference": "222a8ef46526303520f7d4bcd92de82f",
                "shasum": null
            },
            "require": {
                "php": ">=5.5"
            },
            "type": "library",
            "autoload": {
                "psr-4": {
                    "HelloWorld\\": "src/"
                }
            },
            "description": "my desc"
        }
    ],
    "packages-dev": [],
    "aliases": [],
    "minimum-stability": "stable",
    "stability-flags": [],
    "prefer-stable": false,
    "prefer-lowest": false,
    "platform": [],
    "platform-dev": []
}
