{
    "_readme": [
        "This file locks the dependencies of your project to a known state",
        "Read more about it at https://getcomposer.org/doc/01-basic-usage.md#composer-lock-the-lock-file",
        "This file is @generated automatically"
    ],
    "hash": "975dde7b7ec717ca447d7e580331769c",
    "content-hash": "99990070dafe423c1a3a75168245087b",
    "packages": [
        {
            "name": "HelloWorld",
            "version": "1.0.0",
            "dist": {
                "type": "path",
                "url": "./src/HelloWorld/",
                "reference": "b9578529c5727ff3d7ebe6b6604831f2",
                "shasum": null
            },
            "require": {
                "php": ">=5.5"
            },
            "type": "library",
            "autoload": {
                "psr-4": {
                    "HelloWorld\\": "src/"
                }
            },
            "description": "my desc"
        }
    ],
    "packages-dev": [],
    "aliases": [],
    "minimum-stability": "stable",
    "stability-flags": [],
    "prefer-stable": false,
    "prefer-lowest": false,
    "platform": [],
    "platform-dev": []
}
